
Microsoft Visual Studio Solution File, Format Version 12.00
# Visual Studio Version 17
VisualStudioVersion = 17.13.35825.156 d17.13
MinimumVisualStudioVersion = 10.0.40219.1
Project("{00D1A9C2-B5F0-4AF3-8072-F6C62B433612}") = "Database", "Database\Database.sqlproj", "{6EDFDCE6-E77E-4B97-BF3D-0F34AB0E7729}"
EndProject
Global
	GlobalSection(SolutionConfigurationPlatforms) = preSolution
		Debug|Any CPU = Debug|Any CPU
		Release|Any CPU = Release|Any CPU
	EndGlobalSection
	GlobalSection(ProjectConfigurationPlatforms) = postSolution
		{6EDFDCE6-E77E-4B97-BF3D-0F34AB0E7729}.Debug|Any CPU.ActiveCfg = Debug|Any CPU
		{6EDFDCE6-E77E-4B97-BF3D-0F34AB0E7729}.Debug|Any CPU.Build.0 = Debug|Any CPU
		{6EDFDCE6-E77E-4B97-BF3D-0F34AB0E7729}.Debug|Any CPU.Deploy.0 = Debug|Any CPU
		{6EDFDCE6-E77E-4B97-BF3D-0F34AB0E7729}.Release|Any CPU.ActiveCfg = Release|Any CPU
		{6EDFDCE6-E77E-4B97-BF3D-0F34AB0E7729}.Release|Any CPU.Build.0 = Release|Any CPU
		{6EDFDCE6-E77E-4B97-BF3D-0F34AB0E7729}.Release|Any CPU.Deploy.0 = Release|Any CPU
	EndGlobalSection
	GlobalSection(SolutionProperties) = preSolution
		HideSolutionNode = FALSE
	EndGlobalSection
	GlobalSection(ExtensibilityGlobals) = postSolution
		SolutionGuid = {D11B7C8A-A00A-49F9-98A4-E5E8DBF5649E}
	EndGlobalSection
EndGlobal
